
Microsoft Visual Studio Solution File, Format Version 12.00
# Visual Studio 15
VisualStudioVersion = 15.0.27130.2027
MinimumVisualStudioVersion = 10.0.40219.1
Project("{FAE04EC0-301F-11D3-BF4B-00C04F79EFBC}") = "BendyCrypto", "BendyCrypto\BendyCrypto.csproj", "{1A90C3F3-7DF9-4CC6-BE99-1D5016567066}"
EndProject
Project("{FAE04EC0-301F-11D3-BF4B-00C04F79EFBC}") = "Comptroller", "Comptroller\Comptroller.csproj", "{838426EC-7296-4331-B5EE-E54AC0F34041}"
EndProject
Project("{FAE04EC0-301F-11D3-BF4B-00C04F79EFBC}") = "Testicer", "Testicer\Testicer.csproj", "{5CEC052F-A0F2-431C-A827-DD7A52628731}"
EndProject
Project("{9092AA53-FB77-4645-B42D-1CCCA6BD08BD}") = "NodeJSTester", "NodeJSTester\NodeJSTester.njsproj", "{55308C80-512C-4972-9FD6-B5E421EA7F85}"
EndProject
Global
	GlobalSection(SolutionConfigurationPlatforms) = preSolution
		Debug|Any CPU = Debug|Any CPU
		Release|Any CPU = Release|Any CPU
	EndGlobalSection
	GlobalSection(ProjectConfigurationPlatforms) = postSolution
		{1A90C3F3-7DF9-4CC6-BE99-1D5016567066}.Debug|Any CPU.ActiveCfg = Debug|Any CPU
		{1A90C3F3-7DF9-4CC6-BE99-1D5016567066}.Debug|Any CPU.Build.0 = Debug|Any CPU
		{1A90C3F3-7DF9-4CC6-BE99-1D5016567066}.Release|Any CPU.ActiveCfg = Release|Any CPU
		{1A90C3F3-7DF9-4CC6-BE99-1D5016567066}.Release|Any CPU.Build.0 = Release|Any CPU
		{838426EC-7296-4331-B5EE-E54AC0F34041}.Debug|Any CPU.ActiveCfg = Debug|Any CPU
		{838426EC-7296-4331-B5EE-E54AC0F34041}.Debug|Any CPU.Build.0 = Debug|Any CPU
		{838426EC-7296-4331-B5EE-E54AC0F34041}.Release|Any CPU.ActiveCfg = Release|Any CPU
		{838426EC-7296-4331-B5EE-E54AC0F34041}.Release|Any CPU.Build.0 = Release|Any CPU
		{5CEC052F-A0F2-431C-A827-DD7A52628731}.Debug|Any CPU.ActiveCfg = Debug|Any CPU
		{5CEC052F-A0F2-431C-A827-DD7A52628731}.Debug|Any CPU.Build.0 = Debug|Any CPU
		{5CEC052F-A0F2-431C-A827-DD7A52628731}.Release|Any CPU.ActiveCfg = Release|Any CPU
		{5CEC052F-A0F2-431C-A827-DD7A52628731}.Release|Any CPU.Build.0 = Release|Any CPU
		{55308C80-512C-4972-9FD6-B5E421EA7F85}.Debug|Any CPU.ActiveCfg = Debug|Any CPU
		{55308C80-512C-4972-9FD6-B5E421EA7F85}.Debug|Any CPU.Build.0 = Debug|Any CPU
		{55308C80-512C-4972-9FD6-B5E421EA7F85}.Release|Any CPU.ActiveCfg = Release|Any CPU
		{55308C80-512C-4972-9FD6-B5E421EA7F85}.Release|Any CPU.Build.0 = Release|Any CPU
	EndGlobalSection
	GlobalSection(SolutionProperties) = preSolution
		HideSolutionNode = FALSE
	EndGlobalSection
	GlobalSection(ExtensibilityGlobals) = postSolution
		SolutionGuid = {4D621B96-3C13-478D-8211-F20A98CC4B6B}
	EndGlobalSection
EndGlobal
